
Microsoft Visual Studio Solution File, Format Version 12.00
# Visual Studio Version 16
VisualStudioVersion = 16.0.30104.148
MinimumVisualStudioVersion = 10.0.40219.1
Project("{FAE04EC0-301F-11D3-BF4B-00C04F79EFBC}") = "PubsApplication", "PubsApplication\PubsApplication.csproj", "{57735B4B-18BF-454C-A209-158149C57646}"
EndProject
Global
	GlobalSection(SolutionConfigurationPlatforms) = preSolution
		Debug|Any CPU = Debug|Any CPU
		Release|Any CPU = Release|Any CPU
	EndGlobalSection
	GlobalSection(ProjectConfigurationPlatforms) = postSolution
		{57735B4B-18BF-454C-A209-158149C57646}.Debug|Any CPU.ActiveCfg = Debug|Any CPU
		{57735B4B-18BF-454C-A209-158149C57646}.Debug|Any CPU.Build.0 = Debug|Any CPU
		{57735B4B-18BF-454C-A209-158149C57646}.Release|Any CPU.ActiveCfg = Release|Any CPU
		{57735B4B-18BF-454C-A209-158149C57646}.Release|Any CPU.Build.0 = Release|Any CPU
	EndGlobalSection
	GlobalSection(SolutionProperties) = preSolution
		HideSolutionNode = FALSE
	EndGlobalSection
	GlobalSection(ExtensibilityGlobals) = postSolution
		SolutionGuid = {78BC672B-0407-4DE2-B253-7A7D43774BC1}
	EndGlobalSection
EndGlobal
